{
  "name": "aenzbi-backend-cp",
  "version": "1.0.0",
  "lockfileVersion": 3,
  "requires": true,
  "author": "",
  "description": "Aenzbi accounting with POS and retail management system",
  "license": "MIT",
  "main": "api.js",
  "packages": {
    "": {
      "dependencies": {
        "body-parser": "^1.20.2",
        "csv-parser": "^3.0.0",
        "express": "^4.19.2",
        "multer": "^1.4.5-lts.1",
        "node-thermal-printer": "^4.4.2",
        "pdfkit": "^0.15.0"
      }
    },
    "node_modules/body-parser": {
      "version": "1.20.3",
      "integrity": "sha512-7rAxByjUMqQ3/bHJy7D6OGXvx/MMc4IqBn/X0fcM1QUcAItpZrBEYhWGem+tzXH90c+G01ypMcYJBO9Y30203g==",
      "dependencies": {
        "bytes": "3.1.2",
        "content-type": "~1.0.5",
        "debug": "2.6.9",
        "depd": "2.0.0",
        "destroy": "1.2.0",
        "http-errors": "2.0.0",
        "iconv-lite": "0.4.24",
        "on-finished": "2.4.1",
        "qs": "6.13.0",
        "raw-body": "2.5.2",
        "type-is": "~1.6.18",
        "unpipe": "1.0.0"
      },
      "engines": {
        "node": ">= 0.8",
        "npm": "1.2.8000 || >= 1.4.16"
      }
    },
    "node_modules/csv-parser": {
      "version": "3.0.0",
      "integrity": "sha512-s6OYSXAK3IdKqYO33y09jhypG/bSDHPuyCme/IdEHfWpLf/jKcpitVFyOC6UemgGk8v7Q5u2XE0vvwmanxhGlQ==",
      "dependencies": {
        "minimist": "^1.2.0"
      },
      "bin": {
        "csv-parser": "bin/csv-parser"
      },
      "engines": {
        "node": ">= 10"
      }
    },
    "node_modules/express": {
      "version": "4.21.1",
      "integrity": "sha512-YSFlK1Ee0/GC8QaO91tHcDxJiE/X4FbpAyQWkxAvG6AXCuR65YzK8ua6D9hvi/TzUfZMpc+BwuM1IPw8fmQBiQ==",
      "dependencies": {
        "accepts": "~1.3.8",
        "array-flatten": "1.1.1",
        "body-parser": "1.20.3",
        "content-disposition": "0.5.4",
        "content-type": "~1.0.4",
        "cookie": "0.7.1",
        "cookie-signature": "1.0.6",
        "debug": "2.6.9",
        "depd": "2.0.0",
        "encodeurl": "~2.0.0",
        "escape-html": "~1.0.3",
        "etag": "~1.8.1",
        "finalhandler": "1.3.1",
        "fresh": "0.5.2",
        "http-errors": "2.0.0",
        "merge-descriptors": "1.0.3",
        "methods": "~1.1.2",
        "on-finished": "2.4.1",
        "parseurl": "~1.3.3",
        "path-to-regexp": "0.1.10",
        "proxy-addr": "~2.0.7",
        "qs": "6.13.0",
        "range-parser": "~1.2.1",
        "safe-buffer": "5.2.1",
        "send": "0.19.0",
        "serve-static": "1.16.2",
        "setprototypeof": "1.2.0",
        "statuses": "2.0.1",
        "type-is": "~1.6.18",
        "utils-merge": "1.0.1",
        "vary": "~1.1.2"
      },
      "engines": {
        "node": ">= 0.10.0"
      }
    },
    "node_modules/multer": {
      "version": "1.4.5-lts.1",
      "integrity": "sha512-ywPWvcDMeH+z9gQq5qYHCCy+ethsk4goepZ45GLD63fOu0YcNecQxi64nDs3qluZB+murG3/D4dJ7+dGctcCQQ==",
      "dependencies": {
        "append-field": "^1.0.0",
        "busboy": "^1.0.0",
        "concat-stream": "^1.5.2",
        "mkdirp": "^0.5.4",
        "object-assign": "^4.1.1",
        "type-is": "^1.6.4",
        "xtend": "^4.0.0"
      },
      "engines": {
        "node": ">= 6.0.0"
      }
    },
    "node_modules/node-thermal-printer": {
      "version": "4.4.3",
      "integrity": "sha512-avpfLcNRxn+rhhDcqho1Q+0SUZo7ZCq3IGXAqXeVf0NBEZJUV7bzjIqU/qDCl+LgOBZIQtsmEg8oCFxzA+ojDA==",
      "dependencies": {
        "iconv-lite": "0.5.0",
        "pngjs": "3.3.3",
        "unorm": "1.4.1",
        "write-file-queue": "0.0.1"
      }
    },
    "node_modules/pdfkit": {
      "version": "0.15.1",
      "integrity": "sha512-sleaMQXbQ/Dk+38HlxdiMT6Lmw5+HoNc4vkJR1Tb9XGALuB1xrfdWYbDFta70F3jCrVkhA2DiQ52D7jbysGZrw==",
      "dependencies": {
        "crypto-js": "^4.2.0",
        "fontkit": "^1.8.1",
        "jpeg-exif": "^1.1.4",
        "linebreak": "^1.0.2",
        "png-js": "^1.0.0"
      }
    }
  },
  "engines": {
    "node": ">=16.0.0"
  },
  "funding": {
    "type": "github",
    "url": "https://github.com/sponsors/allyelvis"
  },
  "scripts": {
    "start": "node api.js"
  }
}
